{
  "requires": true,
  "lockfileVersion": 1,
  "dependencies": {
    "jquery": {
      "version": "3.4.1",
      "resolved": "https://registry.npmjs.org/jquery/-/jquery-3.4.1.tgz",
      "integrity": "sha512-36+AdBzCL+y6qjw5Tx7HgzeGCzC81MDDgaUP8ld2zhx58HdqXGoBd+tHdrBMiyjGQs0Hxs/MLZTu/eHNJJuWPw=="
    },
    "kendo-ui-core": {
      "version": "2019.3.1106",
      "resolved": "https://registry.npmjs.org/kendo-ui-core/-/kendo-ui-core-2019.3.1106.tgz",
      "integrity": "sha512-IQ5Jqancb5cYwngAO5hpzZTNRVPA/mCq8pRgcYiBAmMXiBTJ6NulXpvNKdxyhd1v6vYCIjJD97xZpuO7T/EJ2Q==",
      "requires": {
        "jquery": "<=3"
      }
    }
  }
}
