
Microsoft Visual Studio Solution File, Format Version 12.00
# Visual Studio Version 16
VisualStudioVersion = 16.0.29411.138
MinimumVisualStudioVersion = 10.0.40219.1
Project("{9A19103F-16F7-4668-BE54-9A1E7A4F7556}") = "WebCoreAppRazorPages", "WebCoreAppRazorPages\WebCoreAppRazorPages.csproj", "{4E3EE395-7F25-44DA-B603-A3DBDA7BB48A}"
EndProject
Project("{9A19103F-16F7-4668-BE54-9A1E7A4F7556}") = "WebCoreAppMvc", "WebCoreAppMvc\WebCoreAppMvc.csproj", "{7CEDB379-5BB4-4D55-92D2-CAB36F610911}"
EndProject
Project("{9A19103F-16F7-4668-BE54-9A1E7A4F7556}") = "Net.Core.EF", "Core.EF\Net.Core.EF.csproj", "{26459F9F-8FB7-43E4-8DF1-3DD11449D9A6}"
EndProject
Project("{FAE04EC0-301F-11D3-BF4B-00C04F79EFBC}") = "Net.Core", "Net.Core\Net.Core.csproj", "{AFFBC635-4CC5-490E-8905-FF2E79298E1E}"
EndProject
Project("{FAE04EC0-301F-11D3-BF4B-00C04F79EFBC}") = "WebCoreApp.EF", "WebCoreApp.EF\WebCoreApp.EF.csproj", "{5C92DE73-4BD2-4BB4-9AA7-C8C30F2E4D25}"
EndProject
Project("{FAE04EC0-301F-11D3-BF4B-00C04F79EFBC}") = "WebCoreApp.Services", "WebCoreApp.Services\WebCoreApp.Services.csproj", "{2F4D4ABF-4B7F-4702-9514-552B65A51910}"
EndProject
Project("{FAE04EC0-301F-11D3-BF4B-00C04F79EFBC}") = "WebCoreApp.Infrastructure", "WebCoreApp.Infrastructure\WebCoreApp.Infrastructure.csproj", "{F670274E-0281-46DC-82DC-90CADB846C4F}"
EndProject
Global
	GlobalSection(SolutionConfigurationPlatforms) = preSolution
		Debug|Any CPU = Debug|Any CPU
		Release|Any CPU = Release|Any CPU
	EndGlobalSection
	GlobalSection(ProjectConfigurationPlatforms) = postSolution
		{4E3EE395-7F25-44DA-B603-A3DBDA7BB48A}.Debug|Any CPU.ActiveCfg = Debug|Any CPU
		{4E3EE395-7F25-44DA-B603-A3DBDA7BB48A}.Debug|Any CPU.Build.0 = Debug|Any CPU
		{4E3EE395-7F25-44DA-B603-A3DBDA7BB48A}.Release|Any CPU.ActiveCfg = Release|Any CPU
		{4E3EE395-7F25-44DA-B603-A3DBDA7BB48A}.Release|Any CPU.Build.0 = Release|Any CPU
		{7CEDB379-5BB4-4D55-92D2-CAB36F610911}.Debug|Any CPU.ActiveCfg = Debug|Any CPU
		{7CEDB379-5BB4-4D55-92D2-CAB36F610911}.Debug|Any CPU.Build.0 = Debug|Any CPU
		{7CEDB379-5BB4-4D55-92D2-CAB36F610911}.Release|Any CPU.ActiveCfg = Release|Any CPU
		{7CEDB379-5BB4-4D55-92D2-CAB36F610911}.Release|Any CPU.Build.0 = Release|Any CPU
		{26459F9F-8FB7-43E4-8DF1-3DD11449D9A6}.Debug|Any CPU.ActiveCfg = Debug|Any CPU
		{26459F9F-8FB7-43E4-8DF1-3DD11449D9A6}.Debug|Any CPU.Build.0 = Debug|Any CPU
		{26459F9F-8FB7-43E4-8DF1-3DD11449D9A6}.Release|Any CPU.ActiveCfg = Release|Any CPU
		{26459F9F-8FB7-43E4-8DF1-3DD11449D9A6}.Release|Any CPU.Build.0 = Release|Any CPU
		{AFFBC635-4CC5-490E-8905-FF2E79298E1E}.Debug|Any CPU.ActiveCfg = Debug|Any CPU
		{AFFBC635-4CC5-490E-8905-FF2E79298E1E}.Debug|Any CPU.Build.0 = Debug|Any CPU
		{AFFBC635-4CC5-490E-8905-FF2E79298E1E}.Release|Any CPU.ActiveCfg = Release|Any CPU
		{AFFBC635-4CC5-490E-8905-FF2E79298E1E}.Release|Any CPU.Build.0 = Release|Any CPU
		{5C92DE73-4BD2-4BB4-9AA7-C8C30F2E4D25}.Debug|Any CPU.ActiveCfg = Debug|Any CPU
		{5C92DE73-4BD2-4BB4-9AA7-C8C30F2E4D25}.Debug|Any CPU.Build.0 = Debug|Any CPU
		{5C92DE73-4BD2-4BB4-9AA7-C8C30F2E4D25}.Release|Any CPU.ActiveCfg = Release|Any CPU
		{5C92DE73-4BD2-4BB4-9AA7-C8C30F2E4D25}.Release|Any CPU.Build.0 = Release|Any CPU
		{2F4D4ABF-4B7F-4702-9514-552B65A51910}.Debug|Any CPU.ActiveCfg = Debug|Any CPU
		{2F4D4ABF-4B7F-4702-9514-552B65A51910}.Debug|Any CPU.Build.0 = Debug|Any CPU
		{2F4D4ABF-4B7F-4702-9514-552B65A51910}.Release|Any CPU.ActiveCfg = Release|Any CPU
		{2F4D4ABF-4B7F-4702-9514-552B65A51910}.Release|Any CPU.Build.0 = Release|Any CPU
		{F670274E-0281-46DC-82DC-90CADB846C4F}.Debug|Any CPU.ActiveCfg = Debug|Any CPU
		{F670274E-0281-46DC-82DC-90CADB846C4F}.Debug|Any CPU.Build.0 = Debug|Any CPU
		{F670274E-0281-46DC-82DC-90CADB846C4F}.Release|Any CPU.ActiveCfg = Release|Any CPU
		{F670274E-0281-46DC-82DC-90CADB846C4F}.Release|Any CPU.Build.0 = Release|Any CPU
	EndGlobalSection
	GlobalSection(SolutionProperties) = preSolution
		HideSolutionNode = FALSE
	EndGlobalSection
	GlobalSection(ExtensibilityGlobals) = postSolution
		SolutionGuid = {E8115E46-7A5F-4228-A123-2D5504F5421E}
	EndGlobalSection
EndGlobal
